
Microsoft Visual Studio Solution File, Format Version 12.00
# Visual Studio 15
VisualStudioVersion = 15.0.28307.106
MinimumVisualStudioVersion = 10.0.40219.1
Project("{FAE04EC0-301F-11D3-BF4B-00C04F79EFBC}") = "Guess", "Guess\Guess.csproj", "{5200314F-BD59-44BE-B0A0-79AB6B767448}"
EndProject
Global
	GlobalSection(SolutionConfigurationPlatforms) = preSolution
		Debug|Any CPU = Debug|Any CPU
		Release|Any CPU = Release|Any CPU
	EndGlobalSection
	GlobalSection(ProjectConfigurationPlatforms) = postSolution
		{5200314F-BD59-44BE-B0A0-79AB6B767448}.Debug|Any CPU.ActiveCfg = Debug|Any CPU
		{5200314F-BD59-44BE-B0A0-79AB6B767448}.Debug|Any CPU.Build.0 = Debug|Any CPU
		{5200314F-BD59-44BE-B0A0-79AB6B767448}.Release|Any CPU.ActiveCfg = Release|Any CPU
		{5200314F-BD59-44BE-B0A0-79AB6B767448}.Release|Any CPU.Build.0 = Release|Any CPU
	EndGlobalSection
	GlobalSection(SolutionProperties) = preSolution
		HideSolutionNode = FALSE
	EndGlobalSection
	GlobalSection(ExtensibilityGlobals) = postSolution
		SolutionGuid = {A6CBE0B2-3039-4F64-87A4-9EA80570B0CF}
	EndGlobalSection
EndGlobal
